{
  "name": "sql-course-generator",
  "version": "1.0.0",
  "lockfileVersion": 3,
  "requires": true,
  "packages": {
    "": {
      "name": "sql-course-generator",
      "version": "1.0.0",
      "dependencies": {
        "sql-course-generator": "file:"
      }
    },
    "node_modules/sql-course-generator": {
      "resolved": "",
      "link": true
    }
  }
}
